
Microsoft Visual Studio Solution File, Format Version 12.00
# Visual Studio Version 17
VisualStudioVersion = 17.0.31903.59
MinimumVisualStudioVersion = 10.0.40219.1
Project("{FAE04EC0-301F-11D3-BF4B-00C04F79EFBC}") = "CoreLogic", "CoreLogic\CoreLogic.csproj", "{EF18E176-DF65-455F-A7B8-0329B149FF8D}"
EndProject
Project("{FAE04EC0-301F-11D3-BF4B-00C04F79EFBC}") = "CustomExtensions", "..\Overlay\CustomExtensions\CustomExtensions.csproj", "{2947E149-263B-4342-9E49-67ACB78FBFF4}"
EndProject
Project("{FAE04EC0-301F-11D3-BF4B-00C04F79EFBC}") = "CustomTests", "..\Tests\CustomTests\CustomTests.csproj", "{7AC8EBA4-0102-42B8-B4BD-F14A0CF3C33C}"
EndProject
Global
	GlobalSection(SolutionConfigurationPlatforms) = preSolution
		Debug|Any CPU = Debug|Any CPU
		Release|Any CPU = Release|Any CPU
	EndGlobalSection
	GlobalSection(SolutionProperties) = preSolution
		HideSolutionNode = FALSE
	EndGlobalSection
	GlobalSection(ProjectConfigurationPlatforms) = postSolution
		{EF18E176-DF65-455F-A7B8-0329B149FF8D}.Debug|Any CPU.ActiveCfg = Debug|Any CPU
		{EF18E176-DF65-455F-A7B8-0329B149FF8D}.Debug|Any CPU.Build.0 = Debug|Any CPU
		{EF18E176-DF65-455F-A7B8-0329B149FF8D}.Release|Any CPU.ActiveCfg = Release|Any CPU
		{EF18E176-DF65-455F-A7B8-0329B149FF8D}.Release|Any CPU.Build.0 = Release|Any CPU
		{2947E149-263B-4342-9E49-67ACB78FBFF4}.Debug|Any CPU.ActiveCfg = Debug|Any CPU
		{2947E149-263B-4342-9E49-67ACB78FBFF4}.Debug|Any CPU.Build.0 = Debug|Any CPU
		{2947E149-263B-4342-9E49-67ACB78FBFF4}.Release|Any CPU.ActiveCfg = Release|Any CPU
		{2947E149-263B-4342-9E49-67ACB78FBFF4}.Release|Any CPU.Build.0 = Release|Any CPU
		{7AC8EBA4-0102-42B8-B4BD-F14A0CF3C33C}.Debug|Any CPU.ActiveCfg = Debug|Any CPU
		{7AC8EBA4-0102-42B8-B4BD-F14A0CF3C33C}.Debug|Any CPU.Build.0 = Debug|Any CPU
		{7AC8EBA4-0102-42B8-B4BD-F14A0CF3C33C}.Release|Any CPU.ActiveCfg = Release|Any CPU
		{7AC8EBA4-0102-42B8-B4BD-F14A0CF3C33C}.Release|Any CPU.Build.0 = Release|Any CPU
	EndGlobalSection
EndGlobal
